// !$*UTF8*$!
{
	archiveVersion = 1;
	classes = {
	};
	objectVersion = 46;
	objects = {

/* Begin PBXBuildFile section */
		9FE01A021917051D006FAAB6 /* Foundation.framework in Frameworks */ = {isa = PBXBuildFile; fileRef = 9FE01A011917051D006FAAB6 /* Foundation.framework */; };
		9FE01A041917051D006FAAB6 /* CoreGraphics.framework in Frameworks */ = {isa = PBXBuildFile; fileRef = 9FE01A031917051D006FAAB6 /* CoreGraphics.framework */; };
		9FE01A061917051D006FAAB6 /* UIKit.framework in Frameworks */ = {isa = PBXBuildFile; fileRef = 9FE01A051917051D006FAAB6 /* UIKit.framework */; };
		9FE01A0C1917051D006FAAB6 /* InfoPlist.strings in Resources */ = {isa = PBXBuildFile; fileRef = 9FE01A0A1917051D006FAAB6 /* InfoPlist.strings */; };
		9FE01A0E1917051D006FAAB6 /* main.m in Sources */ = {isa = PBXBuildFile; fileRef = 9FE01A0D1917051D006FAAB6 /* main.m */; };
		9FE01A121917051D006FAAB6 /* UISAppDelegate.m in Sources */ = {isa = PBXBuildFile; fileRef = 9FE01A111917051D006FAAB6 /* UISAppDelegate.m */; };
		9FE01A141917051D006FAAB6 /* Images.xcassets in Resources */ = {isa = PBXBuildFile; fileRef = 9FE01A131917051D006FAAB6 /* Images.xcassets */; };
		9FE33CB519170D070094BD56 /* uber-logo.png in Resources */ = {isa = PBXBuildFile; fileRef = 9FE33CB419170D070094BD56 /* uber-logo.png */; };
		9FE33CB819170E170094BD56 /* UISRootViewController.m in Sources */ = {isa = PBXBuildFile; fileRef = 9FE33CB719170E170094BD56 /* UISRootViewController.m */; };
		9FE33CBB191725780094BD56 /* UISResultsViewController.m in Sources */ = {isa = PBXBuildFile; fileRef = 9FE33CBA191725780094BD56 /* UISResultsViewController.m */; };
		9FE33CBE191727D30094BD56 /* UISHistoryViewController.m in Sources */ = {isa = PBXBuildFile; fileRef = 9FE33CBD191727D30094BD56 /* UISHistoryViewController.m */; };
		9FE33CC1191792B40094BD56 /* UISQuery.m in Sources */ = {isa = PBXBuildFile; fileRef = 9FE33CC0191792B40094BD56 /* UISQuery.m */; };
		E55083F2051B41BEAF724567 /* libPods-UberImageSearch.a in Frameworks */ = {isa = PBXBuildFile; fileRef = 7D15A34364FE428BBD677050 /* libPods-UberImageSearch.a */; };
/* End PBXBuildFile section */

/* Begin PBXFileReference section */
		75A5FD50B31F4B4DBE6455FF /* Pods-UberImageSearch.xcconfig */ = {isa = PBXFileReference; includeInIndex = 1; lastKnownFileType = text.xcconfig; name = "Pods-UberImageSearch.xcconfig"; path = "../Pods/Pods-UberImageSearch.xcconfig"; sourceTree = "<group>"; };
		7D15A34364FE428BBD677050 /* libPods-UberImageSearch.a */ = {isa = PBXFileReference; explicitFileType = archive.ar; includeInIndex = 0; path = "libPods-UberImageSearch.a"; sourceTree = BUILT_PRODUCTS_DIR; };
		9FE019FE1917051D006FAAB6 /* UberImageSearch.app */ = {isa = PBXFileReference; explicitFileType = wrapper.application; includeInIndex = 0; path = UberImageSearch.app; sourceTree = BUILT_PRODUCTS_DIR; };
		9FE01A011917051D006FAAB6 /* Foundation.framework */ = {isa = PBXFileReference; lastKnownFileType = wrapper.framework; name = Foundation.framework; path = System/Library/Frameworks/Foundation.framework; sourceTree = SDKROOT; };
		9FE01A031917051D006FAAB6 /* CoreGraphics.framework */ = {isa = PBXFileReference; lastKnownFileType = wrapper.framework; name = CoreGraphics.framework; path = System/Library/Frameworks/CoreGraphics.framework; sourceTree = SDKROOT; };
		9FE01A051917051D006FAAB6 /* UIKit.framework */ = {isa = PBXFileReference; lastKnownFileType = wrapper.framework; name = UIKit.framework; path = System/Library/Frameworks/UIKit.framework; sourceTree = SDKROOT; };
		9FE01A091917051D006FAAB6 /* UberImageSearch-Info.plist */ = {isa = PBXFileReference; lastKnownFileType = text.plist.xml; path = "UberImageSearch-Info.plist"; sourceTree = "<group>"; };
		9FE01A0B1917051D006FAAB6 /* en */ = {isa = PBXFileReference; lastKnownFileType = text.plist.strings; name = en; path = en.lproj/InfoPlist.strings; sourceTree = "<group>"; };
		9FE01A0D1917051D006FAAB6 /* main.m */ = {isa = PBXFileReference; lastKnownFileType = sourcecode.c.objc; path = main.m; sourceTree = "<group>"; };
		9FE01A0F1917051D006FAAB6 /* UberImageSearch-Prefix.pch */ = {isa = PBXFileReference; lastKnownFileType = sourcecode.c.h; path = "UberImageSearch-Prefix.pch"; sourceTree = "<group>"; };
		9FE01A101917051D006FAAB6 /* UISAppDelegate.h */ = {isa = PBXFileReference; lastKnownFileType = sourcecode.c.h; path = UISAppDelegate.h; sourceTree = "<group>"; };
		9FE01A111917051D006FAAB6 /* UISAppDelegate.m */ = {isa = PBXFileReference; lastKnownFileType = sourcecode.c.objc; path = UISAppDelegate.m; sourceTree = "<group>"; };
		9FE01A131917051D006FAAB6 /* Images.xcassets */ = {isa = PBXFileReference; lastKnownFileType = folder.assetcatalog; path = Images.xcassets; sourceTree = "<group>"; };
		9FE01A1A1917051D006FAAB6 /* XCTest.framework */ = {isa = PBXFileReference; lastKnownFileType = wrapper.framework; name = XCTest.framework; path = Library/Frameworks/XCTest.framework; sourceTree = DEVELOPER_DIR; };
		9FE33CB419170D070094BD56 /* uber-logo.png */ = {isa = PBXFileReference; lastKnownFileType = image.png; path = "uber-logo.png"; sourceTree = "<group>"; };
		9FE33CB619170E170094BD56 /* UISRootViewController.h */ = {isa = PBXFileReference; fileEncoding = 4; lastKnownFileType = sourcecode.c.h; path = UISRootViewController.h; sourceTree = "<group>"; };
		9FE33CB719170E170094BD56 /* UISRootViewController.m */ = {isa = PBXFileReference; fileEncoding = 4; lastKnownFileType = sourcecode.c.objc; path = UISRootViewController.m; sourceTree = "<group>"; };
		9FE33CB9191725780094BD56 /* UISResultsViewController.h */ = {isa = PBXFileReference; fileEncoding = 4; lastKnownFileType = sourcecode.c.h; path = UISResultsViewController.h; sourceTree = "<group>"; };
		9FE33CBA191725780094BD56 /* UISResultsViewController.m */ = {isa = PBXFileReference; fileEncoding = 4; lastKnownFileType = sourcecode.c.objc; path = UISResultsViewController.m; sourceTree = "<group>"; };
		9FE33CBC191727D30094BD56 /* UISHistoryViewController.h */ = {isa = PBXFileReference; fileEncoding = 4; lastKnownFileType = sourcecode.c.h; path = UISHistoryViewController.h; sourceTree = "<group>"; };
		9FE33CBD191727D30094BD56 /* UISHistoryViewController.m */ = {isa = PBXFileReference; fileEncoding = 4; lastKnownFileType = sourcecode.c.objc; path = UISHistoryViewController.m; sourceTree = "<group>"; };
		9FE33CBF191792B40094BD56 /* UISQuery.h */ = {isa = PBXFileReference; fileEncoding = 4; lastKnownFileType = sourcecode.c.h; path = UISQuery.h; sourceTree = "<group>"; };
		9FE33CC0191792B40094BD56 /* UISQuery.m */ = {isa = PBXFileReference; fileEncoding = 4; lastKnownFileType = sourcecode.c.objc; path = UISQuery.m; sourceTree = "<group>"; };
/* End PBXFileReference section */

/* Begin PBXFrameworksBuildPhase section */
		9FE019FB1917051D006FAAB6 /* Frameworks */ = {
			isa = PBXFrameworksBuildPhase;
			buildActionMask = 2147483647;
			files = (
				9FE01A041917051D006FAAB6 /* CoreGraphics.framework in Frameworks */,
				9FE01A061917051D006FAAB6 /* UIKit.framework in Frameworks */,
				9FE01A021917051D006FAAB6 /* Foundation.framework in Frameworks */,
				E55083F2051B41BEAF724567 /* libPods-UberImageSearch.a in Frameworks */,
			);
			runOnlyForDeploymentPostprocessing = 0;
		};
/* End PBXFrameworksBuildPhase section */

/* Begin PBXGroup section */
		9FE019F51917051D006FAAB6 = {
			isa = PBXGroup;
			children = (
				9FE01A071917051D006FAAB6 /* UberImageSearch */,
				9FE01A001917051D006FAAB6 /* Frameworks */,
				9FE019FF1917051D006FAAB6 /* Products */,
			);
			sourceTree = "<group>";
		};
		9FE019FF1917051D006FAAB6 /* Products */ = {
			isa = PBXGroup;
			children = (
				9FE019FE1917051D006FAAB6 /* UberImageSearch.app */,
			);
			name = Products;
			sourceTree = "<group>";
		};
		9FE01A001917051D006FAAB6 /* Frameworks */ = {
			isa = PBXGroup;
			children = (
				9FE01A011917051D006FAAB6 /* Foundation.framework */,
				9FE01A031917051D006FAAB6 /* CoreGraphics.framework */,
				9FE01A051917051D006FAAB6 /* UIKit.framework */,
				9FE01A1A1917051D006FAAB6 /* XCTest.framework */,
				7D15A34364FE428BBD677050 /* libPods-UberImageSearch.a */,
			);
			name = Frameworks;
			sourceTree = "<group>";
		};
		9FE01A071917051D006FAAB6 /* UberImageSearch */ = {
			isa = PBXGroup;
			children = (
				9FE01A101917051D006FAAB6 /* UISAppDelegate.h */,
				9FE01A111917051D006FAAB6 /* UISAppDelegate.m */,
				9FE33CB619170E170094BD56 /* UISRootViewController.h */,
				9FE33CB719170E170094BD56 /* UISRootViewController.m */,
				9FE33CB9191725780094BD56 /* UISResultsViewController.h */,
				9FE33CBA191725780094BD56 /* UISResultsViewController.m */,
				9FE33CBF191792B40094BD56 /* UISQuery.h */,
				9FE33CC0191792B40094BD56 /* UISQuery.m */,
				9FE33CBC191727D30094BD56 /* UISHistoryViewController.h */,
				9FE33CBD191727D30094BD56 /* UISHistoryViewController.m */,
				9FE01A131917051D006FAAB6 /* Images.xcassets */,
				9FE01A081917051D006FAAB6 /* Supporting Files */,
			);
			path = UberImageSearch;
			sourceTree = "<group>";
		};
		9FE01A081917051D006FAAB6 /* Supporting Files */ = {
			isa = PBXGroup;
			children = (
				9FE33CB419170D070094BD56 /* uber-logo.png */,
				75A5FD50B31F4B4DBE6455FF /* Pods-UberImageSearch.xcconfig */,
				9FE01A091917051D006FAAB6 /* UberImageSearch-Info.plist */,
				9FE01A0A1917051D006FAAB6 /* InfoPlist.strings */,
				9FE01A0D1917051D006FAAB6 /* main.m */,
				9FE01A0F1917051D006FAAB6 /* UberImageSearch-Prefix.pch */,
			);
			name = "Supporting Files";
			sourceTree = "<group>";
		};
/* End PBXGroup section */

/* Begin PBXNativeTarget section */
		9FE019FD1917051D006FAAB6 /* UberImageSearch */ = {
			isa = PBXNativeTarget;
			buildConfigurationList = 9FE01A2A1917051D006FAAB6 /* Build configuration list for PBXNativeTarget "UberImageSearch" */;
			buildPhases = (
				F7A526B7E041425A8AA14670 /* Check Pods Manifest.lock */,
				9FE019FA1917051D006FAAB6 /* Sources */,
				9FE019FB1917051D006FAAB6 /* Frameworks */,
				9FE019FC1917051D006FAAB6 /* Resources */,
				369B1B679E484E1E92C7CE8C /* Copy Pods Resources */,
			);
			buildRules = (
			);
			dependencies = (
			);
			name = UberImageSearch;
			productName = UberImageSearch;
			productReference = 9FE019FE1917051D006FAAB6 /* UberImageSearch.app */;
			productType = "com.apple.product-type.application";
		};
/* End PBXNativeTarget section */

/* Begin PBXProject section */
		9FE019F61917051D006FAAB6 /* Project object */ = {
			isa = PBXProject;
			attributes = {
				CLASSPREFIX = UIS;
				LastUpgradeCheck = 0510;
				ORGANIZATIONNAME = "Kenneth Ballenegger";
			};
			buildConfigurationList = 9FE019F91917051D006FAAB6 /* Build configuration list for PBXProject "UberImageSearch" */;
			compatibilityVersion = "Xcode 3.2";
			developmentRegion = English;
			hasScannedForEncodings = 0;
			knownRegions = (
				en,
			);
			mainGroup = 9FE019F51917051D006FAAB6;
			productRefGroup = 9FE019FF1917051D006FAAB6 /* Products */;
			projectDirPath = "";
			projectRoot = "";
			targets = (
				9FE019FD1917051D006FAAB6 /* UberImageSearch */,
			);
		};
/* End PBXProject section */

/* Begin PBXResourcesBuildPhase section */
		9FE019FC1917051D006FAAB6 /* Resources */ = {
			isa = PBXResourcesBuildPhase;
			buildActionMask = 2147483647;
			files = (
				9FE01A0C1917051D006FAAB6 /* InfoPlist.strings in Resources */,
				9FE01A141917051D006FAAB6 /* Images.xcassets in Resources */,
				9FE33CB519170D070094BD56 /* uber-logo.png in Resources */,
			);
			runOnlyForDeploymentPostprocessing = 0;
		};
/* End PBXResourcesBuildPhase section */

/* Begin PBXShellScriptBuildPhase section */
		369B1B679E484E1E92C7CE8C /* Copy Pods Resources */ = {
			isa = PBXShellScriptBuildPhase;
			buildActionMask = 2147483647;
			files = (
			);
			inputPaths = (
			);
			name = "Copy Pods Resources";
			outputPaths = (
			);
			runOnlyForDeploymentPostprocessing = 0;
			shellPath = /bin/sh;
			shellScript = "\"${SRCROOT}/Pods/Pods-UberImageSearch-resources.sh\"\n";
			showEnvVarsInLog = 0;
		};
		F7A526B7E041425A8AA14670 /* Check Pods Manifest.lock */ = {
			isa = PBXShellScriptBuildPhase;
			buildActionMask = 2147483647;
			files = (
			);
			inputPaths = (
			);
			name = "Check Pods Manifest.lock";
			outputPaths = (
			);
			runOnlyForDeploymentPostprocessing = 0;
			shellPath = /bin/sh;
			shellScript = "diff \"${PODS_ROOT}/../Podfile.lock\" \"${PODS_ROOT}/Manifest.lock\" > /dev/null\nif [[ $? != 0 ]] ; then\n    cat << EOM\nerror: The sandbox is not in sync with the Podfile.lock. Run 'pod install' or update your CocoaPods installation.\nEOM\n    exit 1\nfi\n";
			showEnvVarsInLog = 0;
		};
/* End PBXShellScriptBuildPhase section */

/* Begin PBXSourcesBuildPhase section */
		9FE019FA1917051D006FAAB6 /* Sources */ = {
			isa = PBXSourcesBuildPhase;
			buildActionMask = 2147483647;
			files = (
				9FE33CB819170E170094BD56 /* UISRootViewController.m in Sources */,
				9FE01A121917051D006FAAB6 /* UISAppDelegate.m in Sources */,
				9FE01A0E1917051D006FAAB6 /* main.m in Sources */,
				9FE33CBE191727D30094BD56 /* UISHistoryViewController.m in Sources */,
				9FE33CC1191792B40094BD56 /* UISQuery.m in Sources */,
				9FE33CBB191725780094BD56 /* UISResultsViewController.m in Sources */,
			);
			runOnlyForDeploymentPostprocessing = 0;
		};
/* End PBXSourcesBuildPhase section */

/* Begin PBXVariantGroup section */
		9FE01A0A1917051D006FAAB6 /* InfoPlist.strings */ = {
			isa = PBXVariantGroup;
			children = (
				9FE01A0B1917051D006FAAB6 /* en */,
			);
			name = InfoPlist.strings;
			sourceTree = "<group>";
		};
/* End PBXVariantGroup section */

/* Begin XCBuildConfiguration section */
		9FE01A281917051D006FAAB6 /* Debug */ = {
			isa = XCBuildConfiguration;
			buildSettings = {
				ALWAYS_SEARCH_USER_PATHS = NO;
				CLANG_CXX_LANGUAGE_STANDARD = "gnu++0x";
				CLANG_CXX_LIBRARY = "libc++";
				CLANG_ENABLE_MODULES = YES;
				CLANG_ENABLE_OBJC_ARC = YES;
				CLANG_WARN_BOOL_CONVERSION = YES;
				CLANG_WARN_CONSTANT_CONVERSION = YES;
				CLANG_WARN_DIRECT_OBJC_ISA_USAGE = YES_ERROR;
				CLANG_WARN_EMPTY_BODY = YES;
				CLANG_WARN_ENUM_CONVERSION = YES;
				CLANG_WARN_INT_CONVERSION = YES;
				CLANG_WARN_OBJC_ROOT_CLASS = YES_ERROR;
				CLANG_WARN__DUPLICATE_METHOD_MATCH = YES;
				"CODE_SIGN_IDENTITY[sdk=iphoneos*]" = "iPhone Developer";
				COPY_PHASE_STRIP = NO;
				GCC_C_LANGUAGE_STANDARD = gnu99;
				GCC_DYNAMIC_NO_PIC = NO;
				GCC_OPTIMIZATION_LEVEL = 0;
				GCC_PREPROCESSOR_DEFINITIONS = (
					"DEBUG=1",
					"$(inherited)",
				);
				GCC_SYMBOLS_PRIVATE_EXTERN = NO;
				GCC_WARN_64_TO_32_BIT_CONVERSION = YES;
				GCC_WARN_ABOUT_RETURN_TYPE = YES_ERROR;
				GCC_WARN_UNDECLARED_SELECTOR = YES;
				GCC_WARN_UNINITIALIZED_AUTOS = YES_AGGRESSIVE;
				GCC_WARN_UNUSED_FUNCTION = YES;
				GCC_WARN_UNUSED_VARIABLE = YES;
				IPHONEOS_DEPLOYMENT_TARGET = 7.1;
				ONLY_ACTIVE_ARCH = YES;
				SDKROOT = iphoneos;
			};
			name = Debug;
		};
		9FE01A291917051D006FAAB6 /* Release */ = {
			isa = XCBuildConfiguration;
			buildSettings = {
				ALWAYS_SEARCH_USER_PATHS = NO;
				CLANG_CXX_LANGUAGE_STANDARD = "gnu++0x";
				CLANG_CXX_LIBRARY = "libc++";
				CLANG_ENABLE_MODULES = YES;
				CLANG_ENABLE_OBJC_ARC = YES;
				CLANG_WARN_BOOL_CONVERSION = YES;
				CLANG_WARN_CONSTANT_CONVERSION = YES;
				CLANG_WARN_DIRECT_OBJC_ISA_USAGE = YES_ERROR;
				CLANG_WARN_EMPTY_BODY = YES;
				CLANG_WARN_ENUM_CONVERSION = YES;
				CLANG_WARN_INT_CONVERSION = YES;
				CLANG_WARN_OBJC_ROOT_CLASS = YES_ERROR;
				CLANG_WARN__DUPLICATE_METHOD_MATCH = YES;
				"CODE_SIGN_IDENTITY[sdk=iphoneos*]" = "iPhone Developer";
				COPY_PHASE_STRIP = YES;
				ENABLE_NS_ASSERTIONS = NO;
				GCC_C_LANGUAGE_STANDARD = gnu99;
				GCC_WARN_64_TO_32_BIT_CONVERSION = YES;
				GCC_WARN_ABOUT_RETURN_TYPE = YES_ERROR;
				GCC_WARN_UNDECLARED_SELECTOR = YES;
				GCC_WARN_UNINITIALIZED_AUTOS = YES_AGGRESSIVE;
				GCC_WARN_UNUSED_FUNCTION = YES;
				GCC_WARN_UNUSED_VARIABLE = YES;
				IPHONEOS_DEPLOYMENT_TARGET = 7.1;
				SDKROOT = iphoneos;
				VALIDATE_PRODUCT = YES;
			};
			name = Release;
		};
		9FE01A2B1917051D006FAAB6 /* Debug */ = {
			isa = XCBuildConfiguration;
			baseConfigurationReference = 75A5FD50B31F4B4DBE6455FF /* Pods-UberImageSearch.xcconfig */;
			buildSettings = {
				ASSETCATALOG_COMPILER_APPICON_NAME = AppIcon;
				ASSETCATALOG_COMPILER_LAUNCHIMAGE_NAME = LaunchImage;
				GCC_PRECOMPILE_PREFIX_HEADER = YES;
				GCC_PREFIX_HEADER = "UberImageSearch/UberImageSearch-Prefix.pch";
				INFOPLIST_FILE = "UberImageSearch/UberImageSearch-Info.plist";
				PRODUCT_NAME = "$(TARGET_NAME)";
				WRAPPER_EXTENSION = app;
			};
			name = Debug;
		};
		9FE01A2C1917051D006FAAB6 /* Release */ = {
			isa = XCBuildConfiguration;
			baseConfigurationReference = 75A5FD50B31F4B4DBE6455FF /* Pods-UberImageSearch.xcconfig */;
			buildSettings = {
				ASSETCATALOG_COMPILER_APPICON_NAME = AppIcon;
				ASSETCATALOG_COMPILER_LAUNCHIMAGE_NAME = LaunchImage;
				GCC_PRECOMPILE_PREFIX_HEADER = YES;
				GCC_PREFIX_HEADER = "UberImageSearch/UberImageSearch-Prefix.pch";
				INFOPLIST_FILE = "UberImageSearch/UberImageSearch-Info.plist";
				PRODUCT_NAME = "$(TARGET_NAME)";
				WRAPPER_EXTENSION = app;
			};
			name = Release;
		};
/* End XCBuildConfiguration section */

/* Begin XCConfigurationList section */
		9FE019F91917051D006FAAB6 /* Build configuration list for PBXProject "UberImageSearch" */ = {
			isa = XCConfigurationList;
			buildConfigurations = (
				9FE01A281917051D006FAAB6 /* Debug */,
				9FE01A291917051D006FAAB6 /* Release */,
			);
			defaultConfigurationIsVisible = 0;
			defaultConfigurationName = Release;
		};
		9FE01A2A1917051D006FAAB6 /* Build configuration list for PBXNativeTarget "UberImageSearch" */ = {
			isa = XCConfigurationList;
			buildConfigurations = (
				9FE01A2B1917051D006FAAB6 /* Debug */,
				9FE01A2C1917051D006FAAB6 /* Release */,
			);
			defaultConfigurationIsVisible = 0;
			defaultConfigurationName = Release;
		};
/* End XCConfigurationList section */
	};
	rootObject = 9FE019F61917051D006FAAB6 /* Project object */;
}
